
Microsoft Visual Studio Solution File, Format Version 12.00
# Visual Studio Version 16
VisualStudioVersion = 16.0.29613.14
MinimumVisualStudioVersion = 10.0.40219.1
Project("{FAE04EC0-301F-11D3-BF4B-00C04F79EFBC}") = "AssemblerCleaner", "SpaceEngineersIngScript\AssemblerCleaner.csproj", "{A69878D0-BC66-43FD-B4CE-CFC6B62271A1}"
EndProject
Project("{FAE04EC0-301F-11D3-BF4B-00C04F79EFBC}") = "SEAntennaTests", "SEAntennaTests\SEAntennaTests.csproj", "{11672E70-63EE-46E8-A769-6211F511E431}"
EndProject
Project("{FAE04EC0-301F-11D3-BF4B-00C04F79EFBC}") = "AntennaCtrldAirHangar", "AntennaCtrldAirHangar\AntennaCtrldAirHangar.csproj", "{31AF3021-4E63-400A-B710-8B90331598DA}"
EndProject
Project("{FAE04EC0-301F-11D3-BF4B-00C04F79EFBC}") = "DjPowerProductionOverview", "DjPowerProductionOverview\DjPowerProductionOverview.csproj", "{14CD3F14-15F7-4589-81B4-FC3D9FAD41B6}"
EndProject
Project("{FAE04EC0-301F-11D3-BF4B-00C04F79EFBC}") = "CryoManager", "CryoManager\CryoManager.csproj", "{3CB9B829-1913-4619-A67E-5D9D35219577}"
EndProject
Project("{FAE04EC0-301F-11D3-BF4B-00C04F79EFBC}") = "AntennaSender", "AntennaSender\AntennaSender.csproj", "{5E2AB062-0511-4E19-A0AE-34CDEBBF6D2E}"
EndProject
Project("{FAE04EC0-301F-11D3-BF4B-00C04F79EFBC}") = "AntennaReceiver", "AntennaReceiver\AntennaReceiver.csproj", "{F743F88E-99D2-4D9F-82A7-AE7335A9CAB0}"
EndProject
Project("{FAE04EC0-301F-11D3-BF4B-00C04F79EFBC}") = "DjRoomOverview", "DjRoomOverview\DjRoomOverview.csproj", "{CE3221CF-57DF-4876-AEC2-5C51054EDC60}"
EndProject
Project("{FAE04EC0-301F-11D3-BF4B-00C04F79EFBC}") = "SaveScripts", "SaveScripts\SaveScripts.csproj", "{E0E49B37-62C8-4509-B83C-7356A4363477}"
EndProject
Project("{FAE04EC0-301F-11D3-BF4B-00C04F79EFBC}") = "DoorInverter", "DoorInverter\DoorInverter.csproj", "{AF35D0D1-8FD2-42B3-8899-2E93A3007ADD}"
EndProject
Project("{FAE04EC0-301F-11D3-BF4B-00C04F79EFBC}") = "RayTracingTests", "RayTracingTests\RayTracingTests.csproj", "{A29C8A71-6752-42A3-8E3F-95BB08E098F4}"
EndProject
Project("{FAE04EC0-301F-11D3-BF4B-00C04F79EFBC}") = "DjPowerProductionOverviewV2", "DjPowerProductionOverviewV2\DjPowerProductionOverviewV2.csproj", "{21D2CBBA-AF3D-43A3-B6E2-2E9491BD42B0}"
EndProject
Project("{FAE04EC0-301F-11D3-BF4B-00C04F79EFBC}") = "ThrusterTests", "ThrusterTests\ThrusterTests.csproj", "{987353C2-657F-4D7D-B5F7-502ABBD8429E}"
EndProject
Project("{FAE04EC0-301F-11D3-BF4B-00C04F79EFBC}") = "DjPPO2", "DjPPO2\DjPPO2.csproj", "{0A4ACEF8-C1E1-4D0B-970B-219EC803A59D}"
EndProject
Project("{FAE04EC0-301F-11D3-BF4B-00C04F79EFBC}") = "CargoInfo", "CargoInfo\CargoInfo.csproj", "{5E481561-D8D0-4CA5-B087-B1888188C4CE}"
EndProject
Project("{FAE04EC0-301F-11D3-BF4B-00C04F79EFBC}") = "SpriteTests", "SpriteTests\SpriteTests.csproj", "{7746388B-8ADD-435A-B43B-230772D3D481}"
EndProject
Project("{FAE04EC0-301F-11D3-BF4B-00C04F79EFBC}") = "tests", "tests\tests.csproj", "{877EBDC1-193C-49BF-8759-27DD06F26B8F}"
EndProject
Project("{FAE04EC0-301F-11D3-BF4B-00C04F79EFBC}") = "SpugsEasyAutoDock", "SpugsEasyAutoDock\SpugsEasyAutoDock.csproj", "{483E9B24-137C-4C52-8647-BB4FF4E21EF6}"
EndProject
Project("{FAE04EC0-301F-11D3-BF4B-00C04F79EFBC}") = "SpudsEasyAutoDockOptional", "SpudsEasyAutoDockOptional\SpudsEasyAutoDockOptional.csproj", "{73B47336-F258-4FE5-A3A4-C9F028EC309D}"
EndProject
Global
	GlobalSection(SolutionConfigurationPlatforms) = preSolution
		Debug|x64 = Debug|x64
	EndGlobalSection
	GlobalSection(ProjectConfigurationPlatforms) = postSolution
		{A69878D0-BC66-43FD-B4CE-CFC6B62271A1}.Debug|x64.ActiveCfg = Debug|x64
		{A69878D0-BC66-43FD-B4CE-CFC6B62271A1}.Debug|x64.Build.0 = Debug|x64
		{11672E70-63EE-46E8-A769-6211F511E431}.Debug|x64.ActiveCfg = Debug|x64
		{11672E70-63EE-46E8-A769-6211F511E431}.Debug|x64.Build.0 = Debug|x64
		{31AF3021-4E63-400A-B710-8B90331598DA}.Debug|x64.ActiveCfg = Debug|x64
		{31AF3021-4E63-400A-B710-8B90331598DA}.Debug|x64.Build.0 = Debug|x64
		{14CD3F14-15F7-4589-81B4-FC3D9FAD41B6}.Debug|x64.ActiveCfg = Debug|x64
		{14CD3F14-15F7-4589-81B4-FC3D9FAD41B6}.Debug|x64.Build.0 = Debug|x64
		{3CB9B829-1913-4619-A67E-5D9D35219577}.Debug|x64.ActiveCfg = Debug|x64
		{3CB9B829-1913-4619-A67E-5D9D35219577}.Debug|x64.Build.0 = Debug|x64
		{5E2AB062-0511-4E19-A0AE-34CDEBBF6D2E}.Debug|x64.ActiveCfg = Debug|x64
		{5E2AB062-0511-4E19-A0AE-34CDEBBF6D2E}.Debug|x64.Build.0 = Debug|x64
		{F743F88E-99D2-4D9F-82A7-AE7335A9CAB0}.Debug|x64.ActiveCfg = Debug|x64
		{F743F88E-99D2-4D9F-82A7-AE7335A9CAB0}.Debug|x64.Build.0 = Debug|x64
		{CE3221CF-57DF-4876-AEC2-5C51054EDC60}.Debug|x64.ActiveCfg = Debug|x64
		{CE3221CF-57DF-4876-AEC2-5C51054EDC60}.Debug|x64.Build.0 = Debug|x64
		{E0E49B37-62C8-4509-B83C-7356A4363477}.Debug|x64.ActiveCfg = Debug|x64
		{E0E49B37-62C8-4509-B83C-7356A4363477}.Debug|x64.Build.0 = Debug|x64
		{AF35D0D1-8FD2-42B3-8899-2E93A3007ADD}.Debug|x64.ActiveCfg = Debug|x64
		{AF35D0D1-8FD2-42B3-8899-2E93A3007ADD}.Debug|x64.Build.0 = Debug|x64
		{A29C8A71-6752-42A3-8E3F-95BB08E098F4}.Debug|x64.ActiveCfg = Debug|x64
		{A29C8A71-6752-42A3-8E3F-95BB08E098F4}.Debug|x64.Build.0 = Debug|x64
		{21D2CBBA-AF3D-43A3-B6E2-2E9491BD42B0}.Debug|x64.ActiveCfg = Debug|x64
		{21D2CBBA-AF3D-43A3-B6E2-2E9491BD42B0}.Debug|x64.Build.0 = Debug|x64
		{987353C2-657F-4D7D-B5F7-502ABBD8429E}.Debug|x64.ActiveCfg = Debug|x64
		{987353C2-657F-4D7D-B5F7-502ABBD8429E}.Debug|x64.Build.0 = Debug|x64
		{0A4ACEF8-C1E1-4D0B-970B-219EC803A59D}.Debug|x64.ActiveCfg = Debug|x64
		{0A4ACEF8-C1E1-4D0B-970B-219EC803A59D}.Debug|x64.Build.0 = Debug|x64
		{5E481561-D8D0-4CA5-B087-B1888188C4CE}.Debug|x64.ActiveCfg = Debug|x64
		{5E481561-D8D0-4CA5-B087-B1888188C4CE}.Debug|x64.Build.0 = Debug|x64
		{7746388B-8ADD-435A-B43B-230772D3D481}.Debug|x64.ActiveCfg = Debug|x64
		{7746388B-8ADD-435A-B43B-230772D3D481}.Debug|x64.Build.0 = Debug|x64
		{877EBDC1-193C-49BF-8759-27DD06F26B8F}.Debug|x64.ActiveCfg = Debug|x64
		{877EBDC1-193C-49BF-8759-27DD06F26B8F}.Debug|x64.Build.0 = Debug|x64
		{483E9B24-137C-4C52-8647-BB4FF4E21EF6}.Debug|x64.ActiveCfg = Debug|x64
		{483E9B24-137C-4C52-8647-BB4FF4E21EF6}.Debug|x64.Build.0 = Debug|x64
		{73B47336-F258-4FE5-A3A4-C9F028EC309D}.Debug|x64.ActiveCfg = Debug|x64
		{73B47336-F258-4FE5-A3A4-C9F028EC309D}.Debug|x64.Build.0 = Debug|x64
	EndGlobalSection
	GlobalSection(SolutionProperties) = preSolution
		HideSolutionNode = FALSE
	EndGlobalSection
	GlobalSection(ExtensibilityGlobals) = postSolution
		SolutionGuid = {F35F1A0D-1686-4CF5-9E47-913F875EF551}
	EndGlobalSection
EndGlobal
